{
  "name": "newsapp",
  "version": "0.1.0",
  "private": true,
  "homepage": "https://venkateshnewsapp.netlify.app",
  "dependencies": {
    "bootstrap": "^5.3.6",
    "cra-template": "1.2.0",
    "react": "^19.0.0",
    "react-dom": "^19.0.0",
    "react-infinite-scroll-component": "^6.1.0",
    "react-router-dom": "^7.6.2",
    "react-scripts": "5.0.1",
    "react-top-loading-bar": "^3.0.2",
    "web-vitals": "^5.0.3"
  },
  "scripts": {
    "start": "react-scripts start",
    "build": "react-scripts build",
    "test": "react-scripts test",
    "eject": "react-scripts eject",
    "predeploy": "npm run build",
    "deploy": "gh-pages -d build"
  }
}
